
Microsoft Visual Studio Solution File, Format Version 12.00
# Visual Studio Version 16
VisualStudioVersion = 16.0.31205.134
MinimumVisualStudioVersion = 10.0.40219.1
Project("{9A19103F-16F7-4668-BE54-9A1E7A4F7556}") = "MarsRover.Console", "MarsRover.Console.csproj", "{D24DFC0A-16F2-4B55-AA4F-98C99F5C010D}"
EndProject
Project("{9A19103F-16F7-4668-BE54-9A1E7A4F7556}") = "MarsRover.Core", "..\MarsRover.Core\MarsRover.Core.csproj", "{EE8AE74D-D4FA-4BBB-994B-0996519E612E}"
EndProject
Project("{9A19103F-16F7-4668-BE54-9A1E7A4F7556}") = "MarsRover.Service", "..\MarsRover.Service\MarsRover.Service.csproj", "{6AE52522-1DB5-47BE-9354-C943F6C122DF}"
EndProject
Global
	GlobalSection(SolutionConfigurationPlatforms) = preSolution
		Debug|Any CPU = Debug|Any CPU
		Release|Any CPU = Release|Any CPU
	EndGlobalSection
	GlobalSection(ProjectConfigurationPlatforms) = postSolution
		{D24DFC0A-16F2-4B55-AA4F-98C99F5C010D}.Debug|Any CPU.ActiveCfg = Debug|Any CPU
		{D24DFC0A-16F2-4B55-AA4F-98C99F5C010D}.Debug|Any CPU.Build.0 = Debug|Any CPU
		{D24DFC0A-16F2-4B55-AA4F-98C99F5C010D}.Release|Any CPU.ActiveCfg = Release|Any CPU
		{D24DFC0A-16F2-4B55-AA4F-98C99F5C010D}.Release|Any CPU.Build.0 = Release|Any CPU
		{EE8AE74D-D4FA-4BBB-994B-0996519E612E}.Debug|Any CPU.ActiveCfg = Debug|Any CPU
		{EE8AE74D-D4FA-4BBB-994B-0996519E612E}.Debug|Any CPU.Build.0 = Debug|Any CPU
		{EE8AE74D-D4FA-4BBB-994B-0996519E612E}.Release|Any CPU.ActiveCfg = Release|Any CPU
		{EE8AE74D-D4FA-4BBB-994B-0996519E612E}.Release|Any CPU.Build.0 = Release|Any CPU
		{6AE52522-1DB5-47BE-9354-C943F6C122DF}.Debug|Any CPU.ActiveCfg = Debug|Any CPU
		{6AE52522-1DB5-47BE-9354-C943F6C122DF}.Debug|Any CPU.Build.0 = Debug|Any CPU
		{6AE52522-1DB5-47BE-9354-C943F6C122DF}.Release|Any CPU.ActiveCfg = Release|Any CPU
		{6AE52522-1DB5-47BE-9354-C943F6C122DF}.Release|Any CPU.Build.0 = Release|Any CPU
	EndGlobalSection
	GlobalSection(SolutionProperties) = preSolution
		HideSolutionNode = FALSE
	EndGlobalSection
	GlobalSection(ExtensibilityGlobals) = postSolution
		SolutionGuid = {888DBE3E-93C9-473D-9ED4-E335D6E7E012}
	EndGlobalSection
EndGlobal
